// !$*UTF8*$!
{
	archiveVersion = 1;
	classes = {
	};
	objectVersion = 56;
	objects = {

/* Begin PBXBuildFile section */
		C87E81B82B5EFF4800ADEC48 /* LocalizedStringKeys.swift in Sources */ = {isa = PBXBuildFile; fileRef = C87E81B72B5EFF4800ADEC48 /* LocalizedStringKeys.swift */; };
		C87EB12C2B5F4A69004A8690 /* Extension+String.swift in Sources */ = {isa = PBXBuildFile; fileRef = C87EB12B2B5F4A69004A8690 /* Extension+String.swift */; };
		C87EB1312B5F4F0E004A8690 /* Localizable.strings in Resources */ = {isa = PBXBuildFile; fileRef = C87EB1332B5F4F0E004A8690 /* Localizable.strings */; };
		C88093842B5EC8BD00F9CAC4 /* AppDelegate.swift in Sources */ = {isa = PBXBuildFile; fileRef = C88093832B5EC8BC00F9CAC4 /* AppDelegate.swift */; };
		C88093862B5EC8BD00F9CAC4 /* SceneDelegate.swift in Sources */ = {isa = PBXBuildFile; fileRef = C88093852B5EC8BD00F9CAC4 /* SceneDelegate.swift */; };
		C88093882B5EC8BD00F9CAC4 /* ScreenAViewController.swift in Sources */ = {isa = PBXBuildFile; fileRef = C88093872B5EC8BD00F9CAC4 /* ScreenAViewController.swift */; };
		C880938B2B5EC8BD00F9CAC4 /* Main.storyboard in Resources */ = {isa = PBXBuildFile; fileRef = C88093892B5EC8BD00F9CAC4 /* Main.storyboard */; };
		C880938D2B5EC8C000F9CAC4 /* Assets.xcassets in Resources */ = {isa = PBXBuildFile; fileRef = C880938C2B5EC8C000F9CAC4 /* Assets.xcassets */; };
		C88093902B5EC8C000F9CAC4 /* LaunchScreen.storyboard in Resources */ = {isa = PBXBuildFile; fileRef = C880938E2B5EC8C000F9CAC4 /* LaunchScreen.storyboard */; };
		C880939B2B5EC8C000F9CAC4 /* LanguageDemoTests.swift in Sources */ = {isa = PBXBuildFile; fileRef = C880939A2B5EC8C000F9CAC4 /* LanguageDemoTests.swift */; };
		C88093A52B5EC8C000F9CAC4 /* LanguageDemoUITests.swift in Sources */ = {isa = PBXBuildFile; fileRef = C88093A42B5EC8C000F9CAC4 /* LanguageDemoUITests.swift */; };
		C88093A72B5EC8C000F9CAC4 /* LanguageDemoUITestsLaunchTests.swift in Sources */ = {isa = PBXBuildFile; fileRef = C88093A62B5EC8C000F9CAC4 /* LanguageDemoUITestsLaunchTests.swift */; };
		C88093B42B5ED76E00F9CAC4 /* ScreenBViewController.swift in Sources */ = {isa = PBXBuildFile; fileRef = C88093B32B5ED76E00F9CAC4 /* ScreenBViewController.swift */; };
		C88093B62B5ED77F00F9CAC4 /* ScreenCViewController.swift in Sources */ = {isa = PBXBuildFile; fileRef = C88093B52B5ED77F00F9CAC4 /* ScreenCViewController.swift */; };
		C88093B92B5ED7D400F9CAC4 /* SegueIdentifiers.swift in Sources */ = {isa = PBXBuildFile; fileRef = C88093B82B5ED7D400F9CAC4 /* SegueIdentifiers.swift */; };
		C88093BB2B5ED86F00F9CAC4 /* LanguageManager.swift in Sources */ = {isa = PBXBuildFile; fileRef = C88093BA2B5ED86F00F9CAC4 /* LanguageManager.swift */; };
		C88093BD2B5ED8C500F9CAC4 /* LanguageIdentifiers.swift in Sources */ = {isa = PBXBuildFile; fileRef = C88093BC2B5ED8C500F9CAC4 /* LanguageIdentifiers.swift */; };
		C88093C02B5EDB5000F9CAC4 /* Extension+Notification.swift in Sources */ = {isa = PBXBuildFile; fileRef = C88093BF2B5EDB5000F9CAC4 /* Extension+Notification.swift */; };
/* End PBXBuildFile section */

/* Begin PBXContainerItemProxy section */
		C88093972B5EC8C000F9CAC4 /* PBXContainerItemProxy */ = {
			isa = PBXContainerItemProxy;
			containerPortal = C88093782B5EC8BC00F9CAC4 /* Project object */;
			proxyType = 1;
			remoteGlobalIDString = C880937F2B5EC8BC00F9CAC4;
			remoteInfo = LanguageDemo;
		};
		C88093A12B5EC8C000F9CAC4 /* PBXContainerItemProxy */ = {
			isa = PBXContainerItemProxy;
			containerPortal = C88093782B5EC8BC00F9CAC4 /* Project object */;
			proxyType = 1;
			remoteGlobalIDString = C880937F2B5EC8BC00F9CAC4;
			remoteInfo = LanguageDemo;
		};
/* End PBXContainerItemProxy section */

/* Begin PBXFileReference section */
		C87E81B72B5EFF4800ADEC48 /* LocalizedStringKeys.swift */ = {isa = PBXFileReference; lastKnownFileType = sourcecode.swift; path = LocalizedStringKeys.swift; sourceTree = "<group>"; };
		C87EB12B2B5F4A69004A8690 /* Extension+String.swift */ = {isa = PBXFileReference; lastKnownFileType = sourcecode.swift; path = "Extension+String.swift"; sourceTree = "<group>"; };
		C87EB1322B5F4F0E004A8690 /* en */ = {isa = PBXFileReference; lastKnownFileType = text.plist.strings; name = en; path = en.lproj/Localizable.strings; sourceTree = "<group>"; };
		C87EB1342B5F4F44004A8690 /* es-419 */ = {isa = PBXFileReference; lastKnownFileType = text.plist.strings; name = "es-419"; path = "es-419.lproj/Localizable.strings"; sourceTree = "<group>"; };
		C88093802B5EC8BC00F9CAC4 /* LanguageDemo.app */ = {isa = PBXFileReference; explicitFileType = wrapper.application; includeInIndex = 0; path = LanguageDemo.app; sourceTree = BUILT_PRODUCTS_DIR; };
		C88093832B5EC8BC00F9CAC4 /* AppDelegate.swift */ = {isa = PBXFileReference; lastKnownFileType = sourcecode.swift; path = AppDelegate.swift; sourceTree = "<group>"; };
		C88093852B5EC8BD00F9CAC4 /* SceneDelegate.swift */ = {isa = PBXFileReference; lastKnownFileType = sourcecode.swift; path = SceneDelegate.swift; sourceTree = "<group>"; };
		C88093872B5EC8BD00F9CAC4 /* ScreenAViewController.swift */ = {isa = PBXFileReference; lastKnownFileType = sourcecode.swift; path = ScreenAViewController.swift; sourceTree = "<group>"; };
		C880938A2B5EC8BD00F9CAC4 /* Base */ = {isa = PBXFileReference; lastKnownFileType = file.storyboard; name = Base; path = Base.lproj/Main.storyboard; sourceTree = "<group>"; };
		C880938C2B5EC8C000F9CAC4 /* Assets.xcassets */ = {isa = PBXFileReference; lastKnownFileType = folder.assetcatalog; path = Assets.xcassets; sourceTree = "<group>"; };
		C880938F2B5EC8C000F9CAC4 /* Base */ = {isa = PBXFileReference; lastKnownFileType = file.storyboard; name = Base; path = Base.lproj/LaunchScreen.storyboard; sourceTree = "<group>"; };
		C88093912B5EC8C000F9CAC4 /* Info.plist */ = {isa = PBXFileReference; lastKnownFileType = text.plist.xml; path = Info.plist; sourceTree = "<group>"; };
		C88093962B5EC8C000F9CAC4 /* LanguageDemoTests.xctest */ = {isa = PBXFileReference; explicitFileType = wrapper.cfbundle; includeInIndex = 0; path = LanguageDemoTests.xctest; sourceTree = BUILT_PRODUCTS_DIR; };
		C880939A2B5EC8C000F9CAC4 /* LanguageDemoTests.swift */ = {isa = PBXFileReference; lastKnownFileType = sourcecode.swift; path = LanguageDemoTests.swift; sourceTree = "<group>"; };
		C88093A02B5EC8C000F9CAC4 /* LanguageDemoUITests.xctest */ = {isa = PBXFileReference; explicitFileType = wrapper.cfbundle; includeInIndex = 0; path = LanguageDemoUITests.xctest; sourceTree = BUILT_PRODUCTS_DIR; };
		C88093A42B5EC8C000F9CAC4 /* LanguageDemoUITests.swift */ = {isa = PBXFileReference; lastKnownFileType = sourcecode.swift; path = LanguageDemoUITests.swift; sourceTree = "<group>"; };
		C88093A62B5EC8C000F9CAC4 /* LanguageDemoUITestsLaunchTests.swift */ = {isa = PBXFileReference; lastKnownFileType = sourcecode.swift; path = LanguageDemoUITestsLaunchTests.swift; sourceTree = "<group>"; };
		C88093B32B5ED76E00F9CAC4 /* ScreenBViewController.swift */ = {isa = PBXFileReference; lastKnownFileType = sourcecode.swift; path = ScreenBViewController.swift; sourceTree = "<group>"; };
		C88093B52B5ED77F00F9CAC4 /* ScreenCViewController.swift */ = {isa = PBXFileReference; lastKnownFileType = sourcecode.swift; path = ScreenCViewController.swift; sourceTree = "<group>"; };
		C88093B82B5ED7D400F9CAC4 /* SegueIdentifiers.swift */ = {isa = PBXFileReference; lastKnownFileType = sourcecode.swift; path = SegueIdentifiers.swift; sourceTree = "<group>"; };
		C88093BA2B5ED86F00F9CAC4 /* LanguageManager.swift */ = {isa = PBXFileReference; lastKnownFileType = sourcecode.swift; path = LanguageManager.swift; sourceTree = "<group>"; };
		C88093BC2B5ED8C500F9CAC4 /* LanguageIdentifiers.swift */ = {isa = PBXFileReference; lastKnownFileType = sourcecode.swift; path = LanguageIdentifiers.swift; sourceTree = "<group>"; };
		C88093BF2B5EDB5000F9CAC4 /* Extension+Notification.swift */ = {isa = PBXFileReference; lastKnownFileType = sourcecode.swift; path = "Extension+Notification.swift"; sourceTree = "<group>"; };
/* End PBXFileReference section */

/* Begin PBXFrameworksBuildPhase section */
		C880937D2B5EC8BC00F9CAC4 /* Frameworks */ = {
			isa = PBXFrameworksBuildPhase;
			buildActionMask = 2147483647;
			files = (
			);
			runOnlyForDeploymentPostprocessing = 0;
		};
		C88093932B5EC8C000F9CAC4 /* Frameworks */ = {
			isa = PBXFrameworksBuildPhase;
			buildActionMask = 2147483647;
			files = (
			);
			runOnlyForDeploymentPostprocessing = 0;
		};
		C880939D2B5EC8C000F9CAC4 /* Frameworks */ = {
			isa = PBXFrameworksBuildPhase;
			buildActionMask = 2147483647;
			files = (
			);
			runOnlyForDeploymentPostprocessing = 0;
		};
/* End PBXFrameworksBuildPhase section */

/* Begin PBXGroup section */
		C88093772B5EC8BC00F9CAC4 = {
			isa = PBXGroup;
			children = (
				C88093822B5EC8BC00F9CAC4 /* LanguageDemo */,
				C88093992B5EC8C000F9CAC4 /* LanguageDemoTests */,
				C88093A32B5EC8C000F9CAC4 /* LanguageDemoUITests */,
				C88093812B5EC8BC00F9CAC4 /* Products */,
			);
			sourceTree = "<group>";
		};
		C88093812B5EC8BC00F9CAC4 /* Products */ = {
			isa = PBXGroup;
			children = (
				C88093802B5EC8BC00F9CAC4 /* LanguageDemo.app */,
				C88093962B5EC8C000F9CAC4 /* LanguageDemoTests.xctest */,
				C88093A02B5EC8C000F9CAC4 /* LanguageDemoUITests.xctest */,
			);
			name = Products;
			sourceTree = "<group>";
		};
		C88093822B5EC8BC00F9CAC4 /* LanguageDemo */ = {
			isa = PBXGroup;
			children = (
				C88093BE2B5EDB3E00F9CAC4 /* Extensions */,
				C88093B72B5ED7B300F9CAC4 /* Model */,
				C88093832B5EC8BC00F9CAC4 /* AppDelegate.swift */,
				C88093852B5EC8BD00F9CAC4 /* SceneDelegate.swift */,
				C88093872B5EC8BD00F9CAC4 /* ScreenAViewController.swift */,
				C88093892B5EC8BD00F9CAC4 /* Main.storyboard */,
				C88093B32B5ED76E00F9CAC4 /* ScreenBViewController.swift */,
				C88093B52B5ED77F00F9CAC4 /* ScreenCViewController.swift */,
				C880938C2B5EC8C000F9CAC4 /* Assets.xcassets */,
				C880938E2B5EC8C000F9CAC4 /* LaunchScreen.storyboard */,
				C88093912B5EC8C000F9CAC4 /* Info.plist */,
				C87EB1332B5F4F0E004A8690 /* Localizable.strings */,
			);
			path = LanguageDemo;
			sourceTree = "<group>";
		};
		C88093992B5EC8C000F9CAC4 /* LanguageDemoTests */ = {
			isa = PBXGroup;
			children = (
				C880939A2B5EC8C000F9CAC4 /* LanguageDemoTests.swift */,
			);
			path = LanguageDemoTests;
			sourceTree = "<group>";
		};
		C88093A32B5EC8C000F9CAC4 /* LanguageDemoUITests */ = {
			isa = PBXGroup;
			children = (
				C88093A42B5EC8C000F9CAC4 /* LanguageDemoUITests.swift */,
				C88093A62B5EC8C000F9CAC4 /* LanguageDemoUITestsLaunchTests.swift */,
			);
			path = LanguageDemoUITests;
			sourceTree = "<group>";
		};
		C88093B72B5ED7B300F9CAC4 /* Model */ = {
			isa = PBXGroup;
			children = (
				C88093B82B5ED7D400F9CAC4 /* SegueIdentifiers.swift */,
				C88093BA2B5ED86F00F9CAC4 /* LanguageManager.swift */,
				C88093BC2B5ED8C500F9CAC4 /* LanguageIdentifiers.swift */,
				C87E81B72B5EFF4800ADEC48 /* LocalizedStringKeys.swift */,
			);
			path = Model;
			sourceTree = "<group>";
		};
		C88093BE2B5EDB3E00F9CAC4 /* Extensions */ = {
			isa = PBXGroup;
			children = (
				C88093BF2B5EDB5000F9CAC4 /* Extension+Notification.swift */,
				C87EB12B2B5F4A69004A8690 /* Extension+String.swift */,
			);
			path = Extensions;
			sourceTree = "<group>";
		};
/* End PBXGroup section */

/* Begin PBXNativeTarget section */
		C880937F2B5EC8BC00F9CAC4 /* LanguageDemo */ = {
			isa = PBXNativeTarget;
			buildConfigurationList = C88093AA2B5EC8C000F9CAC4 /* Build configuration list for PBXNativeTarget "LanguageDemo" */;
			buildPhases = (
				C880937C2B5EC8BC00F9CAC4 /* Sources */,
				C880937D2B5EC8BC00F9CAC4 /* Frameworks */,
				C880937E2B5EC8BC00F9CAC4 /* Resources */,
			);
			buildRules = (
			);
			dependencies = (
			);
			name = LanguageDemo;
			productName = LanguageDemo;
			productReference = C88093802B5EC8BC00F9CAC4 /* LanguageDemo.app */;
			productType = "com.apple.product-type.application";
		};
		C88093952B5EC8C000F9CAC4 /* LanguageDemoTests */ = {
			isa = PBXNativeTarget;
			buildConfigurationList = C88093AD2B5EC8C000F9CAC4 /* Build configuration list for PBXNativeTarget "LanguageDemoTests" */;
			buildPhases = (
				C88093922B5EC8C000F9CAC4 /* Sources */,
				C88093932B5EC8C000F9CAC4 /* Frameworks */,
				C88093942B5EC8C000F9CAC4 /* Resources */,
			);
			buildRules = (
			);
			dependencies = (
				C88093982B5EC8C000F9CAC4 /* PBXTargetDependency */,
			);
			name = LanguageDemoTests;
			productName = LanguageDemoTests;
			productReference = C88093962B5EC8C000F9CAC4 /* LanguageDemoTests.xctest */;
			productType = "com.apple.product-type.bundle.unit-test";
		};
		C880939F2B5EC8C000F9CAC4 /* LanguageDemoUITests */ = {
			isa = PBXNativeTarget;
			buildConfigurationList = C88093B02B5EC8C000F9CAC4 /* Build configuration list for PBXNativeTarget "LanguageDemoUITests" */;
			buildPhases = (
				C880939C2B5EC8C000F9CAC4 /* Sources */,
				C880939D2B5EC8C000F9CAC4 /* Frameworks */,
				C880939E2B5EC8C000F9CAC4 /* Resources */,
			);
			buildRules = (
			);
			dependencies = (
				C88093A22B5EC8C000F9CAC4 /* PBXTargetDependency */,
			);
			name = LanguageDemoUITests;
			productName = LanguageDemoUITests;
			productReference = C88093A02B5EC8C000F9CAC4 /* LanguageDemoUITests.xctest */;
			productType = "com.apple.product-type.bundle.ui-testing";
		};
/* End PBXNativeTarget section */

/* Begin PBXProject section */
		C88093782B5EC8BC00F9CAC4 /* Project object */ = {
			isa = PBXProject;
			attributes = {
				BuildIndependentTargetsInParallel = 1;
				LastSwiftUpdateCheck = 1430;
				LastUpgradeCheck = 1430;
				TargetAttributes = {
					C880937F2B5EC8BC00F9CAC4 = {
						CreatedOnToolsVersion = 14.3.1;
					};
					C88093952B5EC8C000F9CAC4 = {
						CreatedOnToolsVersion = 14.3.1;
						TestTargetID = C880937F2B5EC8BC00F9CAC4;
					};
					C880939F2B5EC8C000F9CAC4 = {
						CreatedOnToolsVersion = 14.3.1;
						TestTargetID = C880937F2B5EC8BC00F9CAC4;
					};
				};
			};
			buildConfigurationList = C880937B2B5EC8BC00F9CAC4 /* Build configuration list for PBXProject "LanguageDemo" */;
			compatibilityVersion = "Xcode 14.0";
			developmentRegion = en;
			hasScannedForEncodings = 0;
			knownRegions = (
				en,
				Base,
				"es-419",
			);
			mainGroup = C88093772B5EC8BC00F9CAC4;
			productRefGroup = C88093812B5EC8BC00F9CAC4 /* Products */;
			projectDirPath = "";
			projectRoot = "";
			targets = (
				C880937F2B5EC8BC00F9CAC4 /* LanguageDemo */,
				C88093952B5EC8C000F9CAC4 /* LanguageDemoTests */,
				C880939F2B5EC8C000F9CAC4 /* LanguageDemoUITests */,
			);
		};
/* End PBXProject section */

/* Begin PBXResourcesBuildPhase section */
		C880937E2B5EC8BC00F9CAC4 /* Resources */ = {
			isa = PBXResourcesBuildPhase;
			buildActionMask = 2147483647;
			files = (
				C88093902B5EC8C000F9CAC4 /* LaunchScreen.storyboard in Resources */,
				C87EB1312B5F4F0E004A8690 /* Localizable.strings in Resources */,
				C880938D2B5EC8C000F9CAC4 /* Assets.xcassets in Resources */,
				C880938B2B5EC8BD00F9CAC4 /* Main.storyboard in Resources */,
			);
			runOnlyForDeploymentPostprocessing = 0;
		};
		C88093942B5EC8C000F9CAC4 /* Resources */ = {
			isa = PBXResourcesBuildPhase;
			buildActionMask = 2147483647;
			files = (
			);
			runOnlyForDeploymentPostprocessing = 0;
		};
		C880939E2B5EC8C000F9CAC4 /* Resources */ = {
			isa = PBXResourcesBuildPhase;
			buildActionMask = 2147483647;
			files = (
			);
			runOnlyForDeploymentPostprocessing = 0;
		};
/* End PBXResourcesBuildPhase section */

/* Begin PBXSourcesBuildPhase section */
		C880937C2B5EC8BC00F9CAC4 /* Sources */ = {
			isa = PBXSourcesBuildPhase;
			buildActionMask = 2147483647;
			files = (
				C88093C02B5EDB5000F9CAC4 /* Extension+Notification.swift in Sources */,
				C88093B92B5ED7D400F9CAC4 /* SegueIdentifiers.swift in Sources */,
				C87E81B82B5EFF4800ADEC48 /* LocalizedStringKeys.swift in Sources */,
				C88093BB2B5ED86F00F9CAC4 /* LanguageManager.swift in Sources */,
				C88093882B5EC8BD00F9CAC4 /* ScreenAViewController.swift in Sources */,
				C88093B62B5ED77F00F9CAC4 /* ScreenCViewController.swift in Sources */,
				C88093842B5EC8BD00F9CAC4 /* AppDelegate.swift in Sources */,
				C87EB12C2B5F4A69004A8690 /* Extension+String.swift in Sources */,
				C88093862B5EC8BD00F9CAC4 /* SceneDelegate.swift in Sources */,
				C88093BD2B5ED8C500F9CAC4 /* LanguageIdentifiers.swift in Sources */,
				C88093B42B5ED76E00F9CAC4 /* ScreenBViewController.swift in Sources */,
			);
			runOnlyForDeploymentPostprocessing = 0;
		};
		C88093922B5EC8C000F9CAC4 /* Sources */ = {
			isa = PBXSourcesBuildPhase;
			buildActionMask = 2147483647;
			files = (
				C880939B2B5EC8C000F9CAC4 /* LanguageDemoTests.swift in Sources */,
			);
			runOnlyForDeploymentPostprocessing = 0;
		};
		C880939C2B5EC8C000F9CAC4 /* Sources */ = {
			isa = PBXSourcesBuildPhase;
			buildActionMask = 2147483647;
			files = (
				C88093A52B5EC8C000F9CAC4 /* LanguageDemoUITests.swift in Sources */,
				C88093A72B5EC8C000F9CAC4 /* LanguageDemoUITestsLaunchTests.swift in Sources */,
			);
			runOnlyForDeploymentPostprocessing = 0;
		};
/* End PBXSourcesBuildPhase section */

/* Begin PBXTargetDependency section */
		C88093982B5EC8C000F9CAC4 /* PBXTargetDependency */ = {
			isa = PBXTargetDependency;
			target = C880937F2B5EC8BC00F9CAC4 /* LanguageDemo */;
			targetProxy = C88093972B5EC8C000F9CAC4 /* PBXContainerItemProxy */;
		};
		C88093A22B5EC8C000F9CAC4 /* PBXTargetDependency */ = {
			isa = PBXTargetDependency;
			target = C880937F2B5EC8BC00F9CAC4 /* LanguageDemo */;
			targetProxy = C88093A12B5EC8C000F9CAC4 /* PBXContainerItemProxy */;
		};
/* End PBXTargetDependency section */

/* Begin PBXVariantGroup section */
		C87EB1332B5F4F0E004A8690 /* Localizable.strings */ = {
			isa = PBXVariantGroup;
			children = (
				C87EB1322B5F4F0E004A8690 /* en */,
				C87EB1342B5F4F44004A8690 /* es-419 */,
			);
			name = Localizable.strings;
			sourceTree = "<group>";
		};
		C88093892B5EC8BD00F9CAC4 /* Main.storyboard */ = {
			isa = PBXVariantGroup;
			children = (
				C880938A2B5EC8BD00F9CAC4 /* Base */,
			);
			name = Main.storyboard;
			sourceTree = "<group>";
		};
		C880938E2B5EC8C000F9CAC4 /* LaunchScreen.storyboard */ = {
			isa = PBXVariantGroup;
			children = (
				C880938F2B5EC8C000F9CAC4 /* Base */,
			);
			name = LaunchScreen.storyboard;
			sourceTree = "<group>";
		};
/* End PBXVariantGroup section */

/* Begin XCBuildConfiguration section */
		C88093A82B5EC8C000F9CAC4 /* Debug */ = {
			isa = XCBuildConfiguration;
			buildSettings = {
				ALWAYS_SEARCH_USER_PATHS = NO;
				CLANG_ANALYZER_LOCALIZABILITY_NONLOCALIZED = YES;
				CLANG_ANALYZER_NONNULL = YES;
				CLANG_ANALYZER_NUMBER_OBJECT_CONVERSION = YES_AGGRESSIVE;
				CLANG_CXX_LANGUAGE_STANDARD = "gnu++20";
				CLANG_ENABLE_MODULES = YES;
				CLANG_ENABLE_OBJC_ARC = YES;
				CLANG_ENABLE_OBJC_WEAK = YES;
				CLANG_WARN_BLOCK_CAPTURE_AUTORELEASING = YES;
				CLANG_WARN_BOOL_CONVERSION = YES;
				CLANG_WARN_COMMA = YES;
				CLANG_WARN_CONSTANT_CONVERSION = YES;
				CLANG_WARN_DEPRECATED_OBJC_IMPLEMENTATIONS = YES;
				CLANG_WARN_DIRECT_OBJC_ISA_USAGE = YES_ERROR;
				CLANG_WARN_DOCUMENTATION_COMMENTS = YES;
				CLANG_WARN_EMPTY_BODY = YES;
				CLANG_WARN_ENUM_CONVERSION = YES;
				CLANG_WARN_INFINITE_RECURSION = YES;
				CLANG_WARN_INT_CONVERSION = YES;
				CLANG_WARN_NON_LITERAL_NULL_CONVERSION = YES;
				CLANG_WARN_OBJC_IMPLICIT_RETAIN_SELF = YES;
				CLANG_WARN_OBJC_LITERAL_CONVERSION = YES;
				CLANG_WARN_OBJC_ROOT_CLASS = YES_ERROR;
				CLANG_WARN_QUOTED_INCLUDE_IN_FRAMEWORK_HEADER = YES;
				CLANG_WARN_RANGE_LOOP_ANALYSIS = YES;
				CLANG_WARN_STRICT_PROTOTYPES = YES;
				CLANG_WARN_SUSPICIOUS_MOVE = YES;
				CLANG_WARN_UNGUARDED_AVAILABILITY = YES_AGGRESSIVE;
				CLANG_WARN_UNREACHABLE_CODE = YES;
				CLANG_WARN__DUPLICATE_METHOD_MATCH = YES;
				COPY_PHASE_STRIP = NO;
				DEBUG_INFORMATION_FORMAT = dwarf;
				ENABLE_STRICT_OBJC_MSGSEND = YES;
				ENABLE_TESTABILITY = YES;
				GCC_C_LANGUAGE_STANDARD = gnu11;
				GCC_DYNAMIC_NO_PIC = NO;
				GCC_NO_COMMON_BLOCKS = YES;
				GCC_OPTIMIZATION_LEVEL = 0;
				GCC_PREPROCESSOR_DEFINITIONS = (
					"DEBUG=1",
					"$(inherited)",
				);
				GCC_WARN_64_TO_32_BIT_CONVERSION = YES;
				GCC_WARN_ABOUT_RETURN_TYPE = YES_ERROR;
				GCC_WARN_UNDECLARED_SELECTOR = YES;
				GCC_WARN_UNINITIALIZED_AUTOS = YES_AGGRESSIVE;
				GCC_WARN_UNUSED_FUNCTION = YES;
				GCC_WARN_UNUSED_VARIABLE = YES;
				IPHONEOS_DEPLOYMENT_TARGET = 16.4;
				MTL_ENABLE_DEBUG_INFO = INCLUDE_SOURCE;
				MTL_FAST_MATH = YES;
				ONLY_ACTIVE_ARCH = YES;
				SDKROOT = iphoneos;
				SWIFT_ACTIVE_COMPILATION_CONDITIONS = DEBUG;
				SWIFT_OPTIMIZATION_LEVEL = "-Onone";
			};
			name = Debug;
		};
		C88093A92B5EC8C000F9CAC4 /* Release */ = {
			isa = XCBuildConfiguration;
			buildSettings = {
				ALWAYS_SEARCH_USER_PATHS = NO;
				CLANG_ANALYZER_LOCALIZABILITY_NONLOCALIZED = YES;
				CLANG_ANALYZER_NONNULL = YES;
				CLANG_ANALYZER_NUMBER_OBJECT_CONVERSION = YES_AGGRESSIVE;
				CLANG_CXX_LANGUAGE_STANDARD = "gnu++20";
				CLANG_ENABLE_MODULES = YES;
				CLANG_ENABLE_OBJC_ARC = YES;
				CLANG_ENABLE_OBJC_WEAK = YES;
				CLANG_WARN_BLOCK_CAPTURE_AUTORELEASING = YES;
				CLANG_WARN_BOOL_CONVERSION = YES;
				CLANG_WARN_COMMA = YES;
				CLANG_WARN_CONSTANT_CONVERSION = YES;
				CLANG_WARN_DEPRECATED_OBJC_IMPLEMENTATIONS = YES;
				CLANG_WARN_DIRECT_OBJC_ISA_USAGE = YES_ERROR;
				CLANG_WARN_DOCUMENTATION_COMMENTS = YES;
				CLANG_WARN_EMPTY_BODY = YES;
				CLANG_WARN_ENUM_CONVERSION = YES;
				CLANG_WARN_INFINITE_RECURSION = YES;
				CLANG_WARN_INT_CONVERSION = YES;
				CLANG_WARN_NON_LITERAL_NULL_CONVERSION = YES;
				CLANG_WARN_OBJC_IMPLICIT_RETAIN_SELF = YES;
				CLANG_WARN_OBJC_LITERAL_CONVERSION = YES;
				CLANG_WARN_OBJC_ROOT_CLASS = YES_ERROR;
				CLANG_WARN_QUOTED_INCLUDE_IN_FRAMEWORK_HEADER = YES;
				CLANG_WARN_RANGE_LOOP_ANALYSIS = YES;
				CLANG_WARN_STRICT_PROTOTYPES = YES;
				CLANG_WARN_SUSPICIOUS_MOVE = YES;
				CLANG_WARN_UNGUARDED_AVAILABILITY = YES_AGGRESSIVE;
				CLANG_WARN_UNREACHABLE_CODE = YES;
				CLANG_WARN__DUPLICATE_METHOD_MATCH = YES;
				COPY_PHASE_STRIP = NO;
				DEBUG_INFORMATION_FORMAT = "dwarf-with-dsym";
				ENABLE_NS_ASSERTIONS = NO;
				ENABLE_STRICT_OBJC_MSGSEND = YES;
				GCC_C_LANGUAGE_STANDARD = gnu11;
				GCC_NO_COMMON_BLOCKS = YES;
				GCC_WARN_64_TO_32_BIT_CONVERSION = YES;
				GCC_WARN_ABOUT_RETURN_TYPE = YES_ERROR;
				GCC_WARN_UNDECLARED_SELECTOR = YES;
				GCC_WARN_UNINITIALIZED_AUTOS = YES_AGGRESSIVE;
				GCC_WARN_UNUSED_FUNCTION = YES;
				GCC_WARN_UNUSED_VARIABLE = YES;
				IPHONEOS_DEPLOYMENT_TARGET = 16.4;
				MTL_ENABLE_DEBUG_INFO = NO;
				MTL_FAST_MATH = YES;
				SDKROOT = iphoneos;
				SWIFT_COMPILATION_MODE = wholemodule;
				SWIFT_OPTIMIZATION_LEVEL = "-O";
				VALIDATE_PRODUCT = YES;
			};
			name = Release;
		};
		C88093AB2B5EC8C000F9CAC4 /* Debug */ = {
			isa = XCBuildConfiguration;
			buildSettings = {
				ASSETCATALOG_COMPILER_APPICON_NAME = AppIcon;
				ASSETCATALOG_COMPILER_GLOBAL_ACCENT_COLOR_NAME = AccentColor;
				CODE_SIGN_STYLE = Automatic;
				CURRENT_PROJECT_VERSION = 1;
				DEVELOPMENT_TEAM = XL94FK435H;
				GENERATE_INFOPLIST_FILE = YES;
				INFOPLIST_FILE = LanguageDemo/Info.plist;
				INFOPLIST_KEY_UIApplicationSupportsIndirectInputEvents = YES;
				INFOPLIST_KEY_UILaunchStoryboardName = LaunchScreen;
				INFOPLIST_KEY_UIMainStoryboardFile = Main;
				INFOPLIST_KEY_UISupportedInterfaceOrientations_iPad = "UIInterfaceOrientationPortrait UIInterfaceOrientationPortraitUpsideDown UIInterfaceOrientationLandscapeLeft UIInterfaceOrientationLandscapeRight";
				INFOPLIST_KEY_UISupportedInterfaceOrientations_iPhone = "UIInterfaceOrientationPortrait UIInterfaceOrientationLandscapeLeft UIInterfaceOrientationLandscapeRight";
				LD_RUNPATH_SEARCH_PATHS = (
					"$(inherited)",
					"@executable_path/Frameworks",
				);
				MARKETING_VERSION = 1.0;
				PRODUCT_BUNDLE_IDENTIFIER = marcoflores.LanguageDemo;
				PRODUCT_NAME = "$(TARGET_NAME)";
				SWIFT_EMIT_LOC_STRINGS = YES;
				SWIFT_VERSION = 5.0;
				TARGETED_DEVICE_FAMILY = "1,2";
			};
			name = Debug;
		};
		C88093AC2B5EC8C000F9CAC4 /* Release */ = {
			isa = XCBuildConfiguration;
			buildSettings = {
				ASSETCATALOG_COMPILER_APPICON_NAME = AppIcon;
				ASSETCATALOG_COMPILER_GLOBAL_ACCENT_COLOR_NAME = AccentColor;
				CODE_SIGN_STYLE = Automatic;
				CURRENT_PROJECT_VERSION = 1;
				DEVELOPMENT_TEAM = XL94FK435H;
				GENERATE_INFOPLIST_FILE = YES;
				INFOPLIST_FILE = LanguageDemo/Info.plist;
				INFOPLIST_KEY_UIApplicationSupportsIndirectInputEvents = YES;
				INFOPLIST_KEY_UILaunchStoryboardName = LaunchScreen;
				INFOPLIST_KEY_UIMainStoryboardFile = Main;
				INFOPLIST_KEY_UISupportedInterfaceOrientations_iPad = "UIInterfaceOrientationPortrait UIInterfaceOrientationPortraitUpsideDown UIInterfaceOrientationLandscapeLeft UIInterfaceOrientationLandscapeRight";
				INFOPLIST_KEY_UISupportedInterfaceOrientations_iPhone = "UIInterfaceOrientationPortrait UIInterfaceOrientationLandscapeLeft UIInterfaceOrientationLandscapeRight";
				LD_RUNPATH_SEARCH_PATHS = (
					"$(inherited)",
					"@executable_path/Frameworks",
				);
				MARKETING_VERSION = 1.0;
				PRODUCT_BUNDLE_IDENTIFIER = marcoflores.LanguageDemo;
				PRODUCT_NAME = "$(TARGET_NAME)";
				SWIFT_EMIT_LOC_STRINGS = YES;
				SWIFT_VERSION = 5.0;
				TARGETED_DEVICE_FAMILY = "1,2";
			};
			name = Release;
		};
		C88093AE2B5EC8C000F9CAC4 /* Debug */ = {
			isa = XCBuildConfiguration;
			buildSettings = {
				ALWAYS_EMBED_SWIFT_STANDARD_LIBRARIES = YES;
				BUNDLE_LOADER = "$(TEST_HOST)";
				CODE_SIGN_STYLE = Automatic;
				CURRENT_PROJECT_VERSION = 1;
				DEVELOPMENT_TEAM = XL94FK435H;
				GENERATE_INFOPLIST_FILE = YES;
				IPHONEOS_DEPLOYMENT_TARGET = 16.4;
				MARKETING_VERSION = 1.0;
				PRODUCT_BUNDLE_IDENTIFIER = marcoflores.LanguageDemoTests;
				PRODUCT_NAME = "$(TARGET_NAME)";
				SWIFT_EMIT_LOC_STRINGS = NO;
				SWIFT_VERSION = 5.0;
				TARGETED_DEVICE_FAMILY = "1,2";
				TEST_HOST = "$(BUILT_PRODUCTS_DIR)/LanguageDemo.app/$(BUNDLE_EXECUTABLE_FOLDER_PATH)/LanguageDemo";
			};
			name = Debug;
		};
		C88093AF2B5EC8C000F9CAC4 /* Release */ = {
			isa = XCBuildConfiguration;
			buildSettings = {
				ALWAYS_EMBED_SWIFT_STANDARD_LIBRARIES = YES;
				BUNDLE_LOADER = "$(TEST_HOST)";
				CODE_SIGN_STYLE = Automatic;
				CURRENT_PROJECT_VERSION = 1;
				DEVELOPMENT_TEAM = XL94FK435H;
				GENERATE_INFOPLIST_FILE = YES;
				IPHONEOS_DEPLOYMENT_TARGET = 16.4;
				MARKETING_VERSION = 1.0;
				PRODUCT_BUNDLE_IDENTIFIER = marcoflores.LanguageDemoTests;
				PRODUCT_NAME = "$(TARGET_NAME)";
				SWIFT_EMIT_LOC_STRINGS = NO;
				SWIFT_VERSION = 5.0;
				TARGETED_DEVICE_FAMILY = "1,2";
				TEST_HOST = "$(BUILT_PRODUCTS_DIR)/LanguageDemo.app/$(BUNDLE_EXECUTABLE_FOLDER_PATH)/LanguageDemo";
			};
			name = Release;
		};
		C88093B12B5EC8C000F9CAC4 /* Debug */ = {
			isa = XCBuildConfiguration;
			buildSettings = {
				ALWAYS_EMBED_SWIFT_STANDARD_LIBRARIES = YES;
				CODE_SIGN_STYLE = Automatic;
				CURRENT_PROJECT_VERSION = 1;
				DEVELOPMENT_TEAM = XL94FK435H;
				GENERATE_INFOPLIST_FILE = YES;
				MARKETING_VERSION = 1.0;
				PRODUCT_BUNDLE_IDENTIFIER = marcoflores.LanguageDemoUITests;
				PRODUCT_NAME = "$(TARGET_NAME)";
				SWIFT_EMIT_LOC_STRINGS = NO;
				SWIFT_VERSION = 5.0;
				TARGETED_DEVICE_FAMILY = "1,2";
				TEST_TARGET_NAME = LanguageDemo;
			};
			name = Debug;
		};
		C88093B22B5EC8C000F9CAC4 /* Release */ = {
			isa = XCBuildConfiguration;
			buildSettings = {
				ALWAYS_EMBED_SWIFT_STANDARD_LIBRARIES = YES;
				CODE_SIGN_STYLE = Automatic;
				CURRENT_PROJECT_VERSION = 1;
				DEVELOPMENT_TEAM = XL94FK435H;
				GENERATE_INFOPLIST_FILE = YES;
				MARKETING_VERSION = 1.0;
				PRODUCT_BUNDLE_IDENTIFIER = marcoflores.LanguageDemoUITests;
				PRODUCT_NAME = "$(TARGET_NAME)";
				SWIFT_EMIT_LOC_STRINGS = NO;
				SWIFT_VERSION = 5.0;
				TARGETED_DEVICE_FAMILY = "1,2";
				TEST_TARGET_NAME = LanguageDemo;
			};
			name = Release;
		};
/* End XCBuildConfiguration section */

/* Begin XCConfigurationList section */
		C880937B2B5EC8BC00F9CAC4 /* Build configuration list for PBXProject "LanguageDemo" */ = {
			isa = XCConfigurationList;
			buildConfigurations = (
				C88093A82B5EC8C000F9CAC4 /* Debug */,
				C88093A92B5EC8C000F9CAC4 /* Release */,
			);
			defaultConfigurationIsVisible = 0;
			defaultConfigurationName = Release;
		};
		C88093AA2B5EC8C000F9CAC4 /* Build configuration list for PBXNativeTarget "LanguageDemo" */ = {
			isa = XCConfigurationList;
			buildConfigurations = (
				C88093AB2B5EC8C000F9CAC4 /* Debug */,
				C88093AC2B5EC8C000F9CAC4 /* Release */,
			);
			defaultConfigurationIsVisible = 0;
			defaultConfigurationName = Release;
		};
		C88093AD2B5EC8C000F9CAC4 /* Build configuration list for PBXNativeTarget "LanguageDemoTests" */ = {
			isa = XCConfigurationList;
			buildConfigurations = (
				C88093AE2B5EC8C000F9CAC4 /* Debug */,
				C88093AF2B5EC8C000F9CAC4 /* Release */,
			);
			defaultConfigurationIsVisible = 0;
			defaultConfigurationName = Release;
		};
		C88093B02B5EC8C000F9CAC4 /* Build configuration list for PBXNativeTarget "LanguageDemoUITests" */ = {
			isa = XCConfigurationList;
			buildConfigurations = (
				C88093B12B5EC8C000F9CAC4 /* Debug */,
				C88093B22B5EC8C000F9CAC4 /* Release */,
			);
			defaultConfigurationIsVisible = 0;
			defaultConfigurationName = Release;
		};
/* End XCConfigurationList section */
	};
	rootObject = C88093782B5EC8BC00F9CAC4 /* Project object */;
}
